# This file is @generated by PDM.
# It is not intended for manual editing.

[metadata]
groups = ["default"]
strategy = ["inherit_metadata"]
lock_version = "4.5.0"
content_hash = "sha256:d82dd77b5d266d1c585a61c571227f5d572f09cd7750d147d8da96ab43c7c495"

[[metadata.targets]]
requires_python = ">=3.12"

[[package]]
name = "ast-grep-py"
version = "0.26.2"
requires_python = ">=3.8"
summary = "Structural Search and Rewrite code at large scale using precise AST pattern."
groups = ["default"]
files = [
    {file = "ast_grep_py-0.26.2-cp312-cp312-macosx_10_12_x86_64.whl", hash = "sha256:0080cb5ba25fe653ab65de7d0ae0e54630dce75329d8200debc097a456ff67f9"},
    {file = "ast_grep_py-0.26.2-cp312-cp312-macosx_11_0_arm64.whl", hash = "sha256:4058ee7ecccb452bc3f78cccf4c9c8d531b30f80c627960716a519cff158b5ad"},
    {file = "ast_grep_py-0.26.2-cp312-cp312-manylinux_2_17_aarch64.manylinux2014_aarch64.whl", hash = "sha256:dc24d12f1d31107484985d10415fe82d77450718e1d14311ae3fa35459dd6608"},
    {file = "ast_grep_py-0.26.2-cp312-cp312-manylinux_2_17_x86_64.manylinux2014_x86_64.whl", hash = "sha256:d0befb8db912f5ebfcfaf3619eeb88f7abadf635063d1363323ff08a8c5fe73b"},
    {file = "ast_grep_py-0.26.2-cp312-none-win32.whl", hash = "sha256:eb207f16859c079485eeae31d9b1bebead9c0018f95fa4ea05af37b2899d33d4"},
    {file = "ast_grep_py-0.26.2-cp312-none-win_amd64.whl", hash = "sha256:51b0ae6b291df3c0489ac231f1aea61eb3263dfa37b4acffd9ab17a8df1b5aed"},
    {file = "ast_grep_py-0.26.2.tar.gz", hash = "sha256:b01e2f87017575ced37568960ccb6bf5c0085f22dcae349e664d441c09bb99d0"},
]
